
Microsoft Visual Studio Solution File, Format Version 12.00
# Visual Studio Version 16
VisualStudioVersion = 16.0.30804.86
MinimumVisualStudioVersion = 10.0.40219.1
Project("{9A19103F-16F7-4668-BE54-9A1E7A4F7556}") = "ProEventos", "ProEventos\ProEventos.csproj", "{C3F947E9-1927-4980-8232-4F8743032A0D}"
EndProject
Project("{FAE04EC0-301F-11D3-BF4B-00C04F79EFBC}") = "ProEventos-Front", "ProEventos-Front\ProEventos-Front.csproj", "{784494F1-0F85-4385-8438-918DE8864E5D}"
EndProject
Global
	GlobalSection(SolutionConfigurationPlatforms) = preSolution
		Debug|Any CPU = Debug|Any CPU
		Release|Any CPU = Release|Any CPU
	EndGlobalSection
	GlobalSection(ProjectConfigurationPlatforms) = postSolution
		{C3F947E9-1927-4980-8232-4F8743032A0D}.Debug|Any CPU.ActiveCfg = Debug|Any CPU
		{C3F947E9-1927-4980-8232-4F8743032A0D}.Debug|Any CPU.Build.0 = Debug|Any CPU
		{C3F947E9-1927-4980-8232-4F8743032A0D}.Release|Any CPU.ActiveCfg = Release|Any CPU
		{C3F947E9-1927-4980-8232-4F8743032A0D}.Release|Any CPU.Build.0 = Release|Any CPU
		{784494F1-0F85-4385-8438-918DE8864E5D}.Debug|Any CPU.ActiveCfg = Debug|Any CPU
		{784494F1-0F85-4385-8438-918DE8864E5D}.Debug|Any CPU.Build.0 = Debug|Any CPU
		{784494F1-0F85-4385-8438-918DE8864E5D}.Release|Any CPU.ActiveCfg = Release|Any CPU
		{784494F1-0F85-4385-8438-918DE8864E5D}.Release|Any CPU.Build.0 = Release|Any CPU
	EndGlobalSection
	GlobalSection(SolutionProperties) = preSolution
		HideSolutionNode = FALSE
	EndGlobalSection
	GlobalSection(ExtensibilityGlobals) = postSolution
		SolutionGuid = {B1E59FB2-2584-4427-B2E4-352A7A86EAA2}
	EndGlobalSection
EndGlobal
